
Microsoft Visual Studio Solution File, Format Version 12.00
# Visual Studio 15
VisualStudioVersion = 15.0.28010.2046
MinimumVisualStudioVersion = 10.0.40219.1
Project("{FAE04EC0-301F-11D3-BF4B-00C04F79EFBC}") = "TCC_test", "TCC_test\TCC_test.csproj", "{806E6646-E7B5-4B49-80AF-7BCE986E7EF5}"
EndProject
Global
	GlobalSection(SolutionConfigurationPlatforms) = preSolution
		Debug|Any CPU = Debug|Any CPU
		Release|Any CPU = Release|Any CPU
	EndGlobalSection
	GlobalSection(ProjectConfigurationPlatforms) = postSolution
		{806E6646-E7B5-4B49-80AF-7BCE986E7EF5}.Debug|Any CPU.ActiveCfg = Debug|Any CPU
		{806E6646-E7B5-4B49-80AF-7BCE986E7EF5}.Debug|Any CPU.Build.0 = Debug|Any CPU
		{806E6646-E7B5-4B49-80AF-7BCE986E7EF5}.Release|Any CPU.ActiveCfg = Release|Any CPU
		{806E6646-E7B5-4B49-80AF-7BCE986E7EF5}.Release|Any CPU.Build.0 = Release|Any CPU
	EndGlobalSection
	GlobalSection(SolutionProperties) = preSolution
		HideSolutionNode = FALSE
	EndGlobalSection
	GlobalSection(ExtensibilityGlobals) = postSolution
		SolutionGuid = {38A5F214-3B7E-4CA5-B3E1-5A0D3AA0F6FF}
	EndGlobalSection
EndGlobal
